
Microsoft Visual Studio Solution File, Format Version 12.00
# Visual Studio Version 17
VisualStudioVersion = 17.14.36127.28
MinimumVisualStudioVersion = 10.0.40219.1
Project("{FAE04EC0-301F-11D3-BF4B-00C04F79EFBC}") = "Test-4", "Test-4\Test-4.csproj", "{6EF5C3EA-6C0F-4FCE-A7CE-925395646846}"
EndProject
Project("{FAE04EC0-301F-11D3-BF4B-00C04F79EFBC}") = "01-Syntax", "01-Syntax\01-Syntax.csproj", "{BFFC91E4-A347-540D-0406-A53143E6BF4E}"
EndProject
Project("{FAE04EC0-301F-11D3-BF4B-00C04F79EFBC}") = "02-OOP", "02-1-OOP\02-OOP.csproj", "{A3506C8B-A13B-D709-E247-6FC9FFD93270}"
EndProject
Project("{FAE04EC0-301F-11D3-BF4B-00C04F79EFBC}") = "2-functions-bubble sort-longestDistance-keys", "02-2-functions-bubble sort-longestDistance-keys\2-functions-bubble sort-longestDistance-keys.csproj", "{0D909070-0E9D-B165-0C2F-8FF094ADA696}"
EndProject
Project("{FAE04EC0-301F-11D3-BF4B-00C04F79EFBC}") = "3-1-passByRefVal-setters-constructor", "03-1-passByRefVal-setters-constructor\3-1-passByRefVal-setters-constructor.csproj", "{7CAD3A3F-AEB8-FE14-1981-BF2C10008CE6}"
EndProject
Project("{FAE04EC0-301F-11D3-BF4B-00C04F79EFBC}") = "4-1-struct-enum", "04-1-struct-enum\4-1-struct-enum.csproj", "{2301917C-5554-FBF3-882A-04E968D490C7}"
EndProject
Project("{FAE04EC0-301F-11D3-BF4B-00C04F79EFBC}") = "6-Inheritance-boxing-casting-nullable-params", "06-Inheritance-boxing-casting-nullable-params\6-Inheritance-boxing-casting-nullable-params.csproj", "{5BF895AF-859C-C472-93BD-FD966F037D8C}"
EndProject
Project("{FAE04EC0-301F-11D3-BF4B-00C04F79EFBC}") = "7-1-static-singleton-operator Overloading", "07-1-static-singleton-operator Overloading\7-1-static-singleton-operator Overloading.csproj", "{64967253-0A4C-BE30-FA69-19F5F9F9981A}"
EndProject
Project("{FAE04EC0-301F-11D3-BF4B-00C04F79EFBC}") = "7-2-lab", "07-2-lab\7-2-lab.csproj", "{FAF6C4BC-1A23-414F-0079-E24CCACDBE48}"
EndProject
Project("{FAE04EC0-301F-11D3-BF4B-00C04F79EFBC}") = "8-Virtual-new-override", "08-Virtual-new-override\8-Virtual-new-override.csproj", "{BD116611-0C87-0B6B-6391-BC3F566EF001}"
EndProject
Global
	GlobalSection(SolutionConfigurationPlatforms) = preSolution
		Debug|Any CPU = Debug|Any CPU
		Release|Any CPU = Release|Any CPU
	EndGlobalSection
	GlobalSection(ProjectConfigurationPlatforms) = postSolution
		{6EF5C3EA-6C0F-4FCE-A7CE-925395646846}.Debug|Any CPU.ActiveCfg = Debug|Any CPU
		{6EF5C3EA-6C0F-4FCE-A7CE-925395646846}.Debug|Any CPU.Build.0 = Debug|Any CPU
		{6EF5C3EA-6C0F-4FCE-A7CE-925395646846}.Release|Any CPU.ActiveCfg = Release|Any CPU
		{6EF5C3EA-6C0F-4FCE-A7CE-925395646846}.Release|Any CPU.Build.0 = Release|Any CPU
		{BFFC91E4-A347-540D-0406-A53143E6BF4E}.Debug|Any CPU.ActiveCfg = Debug|Any CPU
		{BFFC91E4-A347-540D-0406-A53143E6BF4E}.Debug|Any CPU.Build.0 = Debug|Any CPU
		{BFFC91E4-A347-540D-0406-A53143E6BF4E}.Release|Any CPU.ActiveCfg = Release|Any CPU
		{BFFC91E4-A347-540D-0406-A53143E6BF4E}.Release|Any CPU.Build.0 = Release|Any CPU
		{A3506C8B-A13B-D709-E247-6FC9FFD93270}.Debug|Any CPU.ActiveCfg = Debug|Any CPU
		{A3506C8B-A13B-D709-E247-6FC9FFD93270}.Debug|Any CPU.Build.0 = Debug|Any CPU
		{A3506C8B-A13B-D709-E247-6FC9FFD93270}.Release|Any CPU.ActiveCfg = Release|Any CPU
		{A3506C8B-A13B-D709-E247-6FC9FFD93270}.Release|Any CPU.Build.0 = Release|Any CPU
		{0D909070-0E9D-B165-0C2F-8FF094ADA696}.Debug|Any CPU.ActiveCfg = Debug|Any CPU
		{0D909070-0E9D-B165-0C2F-8FF094ADA696}.Debug|Any CPU.Build.0 = Debug|Any CPU
		{0D909070-0E9D-B165-0C2F-8FF094ADA696}.Release|Any CPU.ActiveCfg = Release|Any CPU
		{0D909070-0E9D-B165-0C2F-8FF094ADA696}.Release|Any CPU.Build.0 = Release|Any CPU
		{7CAD3A3F-AEB8-FE14-1981-BF2C10008CE6}.Debug|Any CPU.ActiveCfg = Debug|Any CPU
		{7CAD3A3F-AEB8-FE14-1981-BF2C10008CE6}.Debug|Any CPU.Build.0 = Debug|Any CPU
		{7CAD3A3F-AEB8-FE14-1981-BF2C10008CE6}.Release|Any CPU.ActiveCfg = Release|Any CPU
		{7CAD3A3F-AEB8-FE14-1981-BF2C10008CE6}.Release|Any CPU.Build.0 = Release|Any CPU
		{2301917C-5554-FBF3-882A-04E968D490C7}.Debug|Any CPU.ActiveCfg = Debug|Any CPU
		{2301917C-5554-FBF3-882A-04E968D490C7}.Debug|Any CPU.Build.0 = Debug|Any CPU
		{2301917C-5554-FBF3-882A-04E968D490C7}.Release|Any CPU.ActiveCfg = Release|Any CPU
		{2301917C-5554-FBF3-882A-04E968D490C7}.Release|Any CPU.Build.0 = Release|Any CPU
		{5BF895AF-859C-C472-93BD-FD966F037D8C}.Debug|Any CPU.ActiveCfg = Debug|Any CPU
		{5BF895AF-859C-C472-93BD-FD966F037D8C}.Debug|Any CPU.Build.0 = Debug|Any CPU
		{5BF895AF-859C-C472-93BD-FD966F037D8C}.Release|Any CPU.ActiveCfg = Release|Any CPU
		{5BF895AF-859C-C472-93BD-FD966F037D8C}.Release|Any CPU.Build.0 = Release|Any CPU
		{64967253-0A4C-BE30-FA69-19F5F9F9981A}.Debug|Any CPU.ActiveCfg = Debug|Any CPU
		{64967253-0A4C-BE30-FA69-19F5F9F9981A}.Debug|Any CPU.Build.0 = Debug|Any CPU
		{64967253-0A4C-BE30-FA69-19F5F9F9981A}.Release|Any CPU.ActiveCfg = Release|Any CPU
		{64967253-0A4C-BE30-FA69-19F5F9F9981A}.Release|Any CPU.Build.0 = Release|Any CPU
		{FAF6C4BC-1A23-414F-0079-E24CCACDBE48}.Debug|Any CPU.ActiveCfg = Debug|Any CPU
		{FAF6C4BC-1A23-414F-0079-E24CCACDBE48}.Debug|Any CPU.Build.0 = Debug|Any CPU
		{FAF6C4BC-1A23-414F-0079-E24CCACDBE48}.Release|Any CPU.ActiveCfg = Release|Any CPU
		{FAF6C4BC-1A23-414F-0079-E24CCACDBE48}.Release|Any CPU.Build.0 = Release|Any CPU
		{BD116611-0C87-0B6B-6391-BC3F566EF001}.Debug|Any CPU.ActiveCfg = Debug|Any CPU
		{BD116611-0C87-0B6B-6391-BC3F566EF001}.Debug|Any CPU.Build.0 = Debug|Any CPU
		{BD116611-0C87-0B6B-6391-BC3F566EF001}.Release|Any CPU.ActiveCfg = Release|Any CPU
		{BD116611-0C87-0B6B-6391-BC3F566EF001}.Release|Any CPU.Build.0 = Release|Any CPU
	EndGlobalSection
	GlobalSection(SolutionProperties) = preSolution
		HideSolutionNode = FALSE
	EndGlobalSection
	GlobalSection(ExtensibilityGlobals) = postSolution
		SolutionGuid = {25A654D0-7729-4766-BCD6-F7146E0F5A8C}
	EndGlobalSection
EndGlobal
